
Microsoft Visual Studio Solution File, Format Version 12.00
# Visual Studio Version 17
VisualStudioVersion = 17.14.36310.24
MinimumVisualStudioVersion = 10.0.40219.1
Project("{8BC9CEB8-8B4A-11D0-8D11-00A0C91BC942}") = "MathUnitTests", "Code\Game\Game.vcxproj", "{D919E615-8495-46B8-B05E-8F01F0CFFFDE}"
EndProject
Project("{8BC9CEB8-8B4A-11D0-8D11-00A0C91BC942}") = "Engine", "..\Engine\Code\Engine\Engine.vcxproj", "{E3C4B572-4062-48E1-9B2C-05F384AA4AAC}"
EndProject
Global
	GlobalSection(SolutionConfigurationPlatforms) = preSolution
		Debug|x64 = Debug|x64
		Debug|x86 = Debug|x86
		Release|x64 = Release|x64
		Release|x86 = Release|x86
	EndGlobalSection
	GlobalSection(ProjectConfigurationPlatforms) = postSolution
		{D919E615-8495-46B8-B05E-8F01F0CFFFDE}.Debug|x64.ActiveCfg = Debug|x64
		{D919E615-8495-46B8-B05E-8F01F0CFFFDE}.Debug|x64.Build.0 = Debug|x64
		{D919E615-8495-46B8-B05E-8F01F0CFFFDE}.Debug|x86.ActiveCfg = Debug|Win32
		{D919E615-8495-46B8-B05E-8F01F0CFFFDE}.Debug|x86.Build.0 = Debug|Win32
		{D919E615-8495-46B8-B05E-8F01F0CFFFDE}.Release|x64.ActiveCfg = Release|x64
		{D919E615-8495-46B8-B05E-8F01F0CFFFDE}.Release|x64.Build.0 = Release|x64
		{D919E615-8495-46B8-B05E-8F01F0CFFFDE}.Release|x86.ActiveCfg = Release|Win32
		{D919E615-8495-46B8-B05E-8F01F0CFFFDE}.Release|x86.Build.0 = Release|Win32
		{E3C4B572-4062-48E1-9B2C-05F384AA4AAC}.Debug|x64.ActiveCfg = Debug|x64
		{E3C4B572-4062-48E1-9B2C-05F384AA4AAC}.Debug|x64.Build.0 = Debug|x64
		{E3C4B572-4062-48E1-9B2C-05F384AA4AAC}.Debug|x86.ActiveCfg = Debug|Win32
		{E3C4B572-4062-48E1-9B2C-05F384AA4AAC}.Debug|x86.Build.0 = Debug|Win32
		{E3C4B572-4062-48E1-9B2C-05F384AA4AAC}.Release|x64.ActiveCfg = Release|x64
		{E3C4B572-4062-48E1-9B2C-05F384AA4AAC}.Release|x64.Build.0 = Release|x64
		{E3C4B572-4062-48E1-9B2C-05F384AA4AAC}.Release|x86.ActiveCfg = Release|Win32
		{E3C4B572-4062-48E1-9B2C-05F384AA4AAC}.Release|x86.Build.0 = Release|Win32
	EndGlobalSection
	GlobalSection(SolutionProperties) = preSolution
		HideSolutionNode = FALSE
	EndGlobalSection
	GlobalSection(ExtensibilityGlobals) = postSolution
		SolutionGuid = {D0963FE4-3D1F-4551-8F20-64BE501DC5D9}
	EndGlobalSection
EndGlobal
